
Microsoft Visual Studio Solution File, Format Version 12.00
# Visual Studio 14
VisualStudioVersion = 14.0.25420.1
MinimumVisualStudioVersion = 10.0.40219.1
Project("{FAE04EC0-301F-11D3-BF4B-00C04F79EFBC}") = "xPort5.DAL", "xPort5.DAL\xPort5.DAL.csproj", "{8E3643B9-85ED-45C0-8236-102EB497D18B}"
EndProject
Project("{FAE04EC0-301F-11D3-BF4B-00C04F79EFBC}") = "xPort5", "xPort5\xPort5.csproj", "{C73E7020-AD63-46CF-BAE3-2F1BE944EF1B}"
EndProject
Project("{FAE04EC0-301F-11D3-BF4B-00C04F79EFBC}") = "xPort5.EF6", "xPort5.EF6\xPort5.EF6.csproj", "{573EA8D8-E09D-49FB-8CC2-1DCF78B3CF4E}"
EndProject
Project("{FAE04EC0-301F-11D3-BF4B-00C04F79EFBC}") = "xPort5.Bot", "xPort5.Bot\xPort5.Bot.csproj", "{90D7A32F-663C-4D12-8D08-E6BE209743B8}"
EndProject
Project("{FAE04EC0-301F-11D3-BF4B-00C04F79EFBC}") = "xPort5.EF6.PerformanceTests", "xPort5.EF6.PerformanceTests\xPort5.EF6.PerformanceTests.csproj", "{A1B2C3D4-E5F6-4A5B-8C9D-0E1F2A3B4C5D}"
EndProject
Project("{FAE04EC0-301F-11D3-BF4B-00C04F79EFBC}") = "xPort5.Common", "xPort5.Common\xPort5.Common.csproj", "{00C9B9A6-3DB2-4770-A0F4-C3E09CDF84C4}"
EndProject
Global
	GlobalSection(SolutionConfigurationPlatforms) = preSolution
		Debug|Any CPU = Debug|Any CPU
		Development|Any CPU = Development|Any CPU
		Release|Any CPU = Release|Any CPU
	EndGlobalSection
	GlobalSection(ProjectConfigurationPlatforms) = postSolution
		{8E3643B9-85ED-45C0-8236-102EB497D18B}.Debug|Any CPU.ActiveCfg = Debug|Any CPU
		{8E3643B9-85ED-45C0-8236-102EB497D18B}.Debug|Any CPU.Build.0 = Debug|Any CPU
		{8E3643B9-85ED-45C0-8236-102EB497D18B}.Development|Any CPU.ActiveCfg = Debug|Any CPU
		{8E3643B9-85ED-45C0-8236-102EB497D18B}.Development|Any CPU.Build.0 = Debug|Any CPU
		{8E3643B9-85ED-45C0-8236-102EB497D18B}.Release|Any CPU.ActiveCfg = Release|Any CPU
		{8E3643B9-85ED-45C0-8236-102EB497D18B}.Release|Any CPU.Build.0 = Release|Any CPU
		{C73E7020-AD63-46CF-BAE3-2F1BE944EF1B}.Debug|Any CPU.ActiveCfg = Debug|Any CPU
		{C73E7020-AD63-46CF-BAE3-2F1BE944EF1B}.Debug|Any CPU.Build.0 = Debug|Any CPU
		{C73E7020-AD63-46CF-BAE3-2F1BE944EF1B}.Development|Any CPU.ActiveCfg = Debug|Any CPU
		{C73E7020-AD63-46CF-BAE3-2F1BE944EF1B}.Development|Any CPU.Build.0 = Debug|Any CPU
		{C73E7020-AD63-46CF-BAE3-2F1BE944EF1B}.Release|Any CPU.ActiveCfg = Release|Any CPU
		{C73E7020-AD63-46CF-BAE3-2F1BE944EF1B}.Release|Any CPU.Build.0 = Release|Any CPU
		{573EA8D8-E09D-49FB-8CC2-1DCF78B3CF4E}.Debug|Any CPU.ActiveCfg = Debug|Any CPU
		{573EA8D8-E09D-49FB-8CC2-1DCF78B3CF4E}.Debug|Any CPU.Build.0 = Debug|Any CPU
		{573EA8D8-E09D-49FB-8CC2-1DCF78B3CF4E}.Development|Any CPU.ActiveCfg = Debug|Any CPU
		{573EA8D8-E09D-49FB-8CC2-1DCF78B3CF4E}.Development|Any CPU.Build.0 = Debug|Any CPU
		{573EA8D8-E09D-49FB-8CC2-1DCF78B3CF4E}.Release|Any CPU.ActiveCfg = Release|Any CPU
		{573EA8D8-E09D-49FB-8CC2-1DCF78B3CF4E}.Release|Any CPU.Build.0 = Release|Any CPU
		{90D7A32F-663C-4D12-8D08-E6BE209743B8}.Debug|Any CPU.ActiveCfg = Debug|Any CPU
		{90D7A32F-663C-4D12-8D08-E6BE209743B8}.Debug|Any CPU.Build.0 = Debug|Any CPU
		{90D7A32F-663C-4D12-8D08-E6BE209743B8}.Development|Any CPU.ActiveCfg = Debug|Any CPU
		{90D7A32F-663C-4D12-8D08-E6BE209743B8}.Development|Any CPU.Build.0 = Debug|Any CPU
		{90D7A32F-663C-4D12-8D08-E6BE209743B8}.Release|Any CPU.ActiveCfg = Release|Any CPU
		{90D7A32F-663C-4D12-8D08-E6BE209743B8}.Release|Any CPU.Build.0 = Release|Any CPU
		{A1B2C3D4-E5F6-4A5B-8C9D-0E1F2A3B4C5D}.Debug|Any CPU.ActiveCfg = Debug|Any CPU
		{A1B2C3D4-E5F6-4A5B-8C9D-0E1F2A3B4C5D}.Debug|Any CPU.Build.0 = Debug|Any CPU
		{A1B2C3D4-E5F6-4A5B-8C9D-0E1F2A3B4C5D}.Development|Any CPU.ActiveCfg = Debug|Any CPU
		{A1B2C3D4-E5F6-4A5B-8C9D-0E1F2A3B4C5D}.Development|Any CPU.Build.0 = Debug|Any CPU
		{A1B2C3D4-E5F6-4A5B-8C9D-0E1F2A3B4C5D}.Release|Any CPU.ActiveCfg = Release|Any CPU
		{A1B2C3D4-E5F6-4A5B-8C9D-0E1F2A3B4C5D}.Release|Any CPU.Build.0 = Release|Any CPU
		{00C9B9A6-3DB2-4770-A0F4-C3E09CDF84C4}.Debug|Any CPU.ActiveCfg = Debug|Any CPU
		{00C9B9A6-3DB2-4770-A0F4-C3E09CDF84C4}.Debug|Any CPU.Build.0 = Debug|Any CPU
		{00C9B9A6-3DB2-4770-A0F4-C3E09CDF84C4}.Development|Any CPU.ActiveCfg = Debug|Any CPU
		{00C9B9A6-3DB2-4770-A0F4-C3E09CDF84C4}.Development|Any CPU.Build.0 = Debug|Any CPU
		{00C9B9A6-3DB2-4770-A0F4-C3E09CDF84C4}.Release|Any CPU.ActiveCfg = Release|Any CPU
		{00C9B9A6-3DB2-4770-A0F4-C3E09CDF84C4}.Release|Any CPU.Build.0 = Release|Any CPU
	EndGlobalSection
	GlobalSection(SolutionProperties) = preSolution
		HideSolutionNode = FALSE
	EndGlobalSection
	GlobalSection(ExtensibilityGlobals) = postSolution
		EnterpriseLibraryConfigurationToolBinariesPathV6 = packages\EnterpriseLibrary.Common.6.0.1304.0\lib\NET45;packages\EnterpriseLibrary.Data.6.0.1304.0\lib\NET45
	EndGlobalSection
EndGlobal
